{
  "originHash": "55f938da7a6ced45e4bcb1441dec2d163d4b48e7004f4a2eb92187ed8dd4e862",
  "pins": [
    {
      "identity": "capacitor-swift-pm",
      "kind": "remoteSourceControl",
      "location": "https://github.com/ionic-team/capacitor-swift-pm.git",
      "state": {
        "revision": "4f71d0b979f2f957326f04353eca7604ee937e1e",
        "version": "8.5.0"
      }
    }
  ],
  "version": 3
}
